
Microsoft Visual Studio Solution File, Format Version 12.00
# Visual Studio Version 17
VisualStudioVersion = 17.2.32616.157
MinimumVisualStudioVersion = 10.0.40219.1
Project("{9A19103F-16F7-4668-BE54-9A1E7A4F7556}") = "BankAccountSimulator.ConsoleApp", "BankAccountSimulator.ConsoleApp\BankAccountSimulator.ConsoleApp.csproj", "{E1DBAC54-6928-4F04-BE55-D0C6B7D84933}"
EndProject
Project("{9A19103F-16F7-4668-BE54-9A1E7A4F7556}") = "BankAccountSimulator.Logic", "BankAccountSimulator.Logic\BankAccountSimulator.Logic.csproj", "{D9A8464A-3C22-4015-85F3-C9B8BEEA55AD}"
EndProject
Project("{FAE04EC0-301F-11D3-BF4B-00C04F79EFBC}") = "BankAccountSimulator.Data", "BankAccountSimulator.Data\BankAccountSimulator.Data.csproj", "{67D19DDF-85A4-464F-91FA-1A43B2E9816B}"
EndProject
Global
	GlobalSection(SolutionConfigurationPlatforms) = preSolution
		Debug|Any CPU = Debug|Any CPU
		Release|Any CPU = Release|Any CPU
	EndGlobalSection
	GlobalSection(ProjectConfigurationPlatforms) = postSolution
		{E1DBAC54-6928-4F04-BE55-D0C6B7D84933}.Debug|Any CPU.ActiveCfg = Debug|Any CPU
		{E1DBAC54-6928-4F04-BE55-D0C6B7D84933}.Debug|Any CPU.Build.0 = Debug|Any CPU
		{E1DBAC54-6928-4F04-BE55-D0C6B7D84933}.Release|Any CPU.ActiveCfg = Release|Any CPU
		{E1DBAC54-6928-4F04-BE55-D0C6B7D84933}.Release|Any CPU.Build.0 = Release|Any CPU
		{D9A8464A-3C22-4015-85F3-C9B8BEEA55AD}.Debug|Any CPU.ActiveCfg = Debug|Any CPU
		{D9A8464A-3C22-4015-85F3-C9B8BEEA55AD}.Debug|Any CPU.Build.0 = Debug|Any CPU
		{D9A8464A-3C22-4015-85F3-C9B8BEEA55AD}.Release|Any CPU.ActiveCfg = Release|Any CPU
		{D9A8464A-3C22-4015-85F3-C9B8BEEA55AD}.Release|Any CPU.Build.0 = Release|Any CPU
		{67D19DDF-85A4-464F-91FA-1A43B2E9816B}.Debug|Any CPU.ActiveCfg = Debug|Any CPU
		{67D19DDF-85A4-464F-91FA-1A43B2E9816B}.Debug|Any CPU.Build.0 = Debug|Any CPU
		{67D19DDF-85A4-464F-91FA-1A43B2E9816B}.Release|Any CPU.ActiveCfg = Release|Any CPU
		{67D19DDF-85A4-464F-91FA-1A43B2E9816B}.Release|Any CPU.Build.0 = Release|Any CPU
	EndGlobalSection
	GlobalSection(SolutionProperties) = preSolution
		HideSolutionNode = FALSE
	EndGlobalSection
	GlobalSection(ExtensibilityGlobals) = postSolution
		SolutionGuid = {12C21B63-25D8-43F2-BB66-CE293C394A40}
	EndGlobalSection
EndGlobal
